
Microsoft Visual Studio Solution File, Format Version 12.00
# Visual Studio Version 16
VisualStudioVersion = 16.0.30517.126
MinimumVisualStudioVersion = 10.0.40219.1
Project("{9A19103F-16F7-4668-BE54-9A1E7A4F7556}") = "CodeChallenge0", "CodeChallenge0\CodeChallenge0.csproj", "{CF2E94EC-C1A7-4D34-AAC4-77B76EBCCF28}"
EndProject
Global
	GlobalSection(SolutionConfigurationPlatforms) = preSolution
		Debug|Any CPU = Debug|Any CPU
		Release|Any CPU = Release|Any CPU
	EndGlobalSection
	GlobalSection(ProjectConfigurationPlatforms) = postSolution
		{CF2E94EC-C1A7-4D34-AAC4-77B76EBCCF28}.Debug|Any CPU.ActiveCfg = Debug|Any CPU
		{CF2E94EC-C1A7-4D34-AAC4-77B76EBCCF28}.Debug|Any CPU.Build.0 = Debug|Any CPU
		{CF2E94EC-C1A7-4D34-AAC4-77B76EBCCF28}.Release|Any CPU.ActiveCfg = Release|Any CPU
		{CF2E94EC-C1A7-4D34-AAC4-77B76EBCCF28}.Release|Any CPU.Build.0 = Release|Any CPU
	EndGlobalSection
	GlobalSection(SolutionProperties) = preSolution
		HideSolutionNode = FALSE
	EndGlobalSection
	GlobalSection(ExtensibilityGlobals) = postSolution
		SolutionGuid = {4F87037D-9B99-46DD-8167-EBDCA76D47B3}
	EndGlobalSection
EndGlobal
